
Microsoft Visual Studio Solution File, Format Version 12.00
# Visual Studio Version 17
VisualStudioVersion = 17.0.31903.59
MinimumVisualStudioVersion = 10.0.40219.1
Project("{2150E333-8FDC-42A3-9474-1A3956D46DE8}") = "Docker", "Docker", "{02EA681E-C7D8-13C7-8484-4AC65E1B71E8}"
	ProjectSection(SolutionItems) = preProject
		docker-compose.yml = docker-compose.yml
		init-redis.sh = init-redis.sh
		Makefile = Makefile
		redis_data.txt = redis_data.txt
	EndProjectSection
EndProject
Project("{FAE04EC0-301F-11D3-BF4B-00C04F79EFBC}") = "Mycompany.Finance.Calendar", "mycompany.finance.calendar\Mycompany.Finance.Calendar.csproj", "{2563903C-AE8E-E678-E06F-272AA06612AF}"
EndProject
Global
	GlobalSection(SolutionConfigurationPlatforms) = preSolution
		Debug|Any CPU = Debug|Any CPU
		Release|Any CPU = Release|Any CPU
	EndGlobalSection
	GlobalSection(ProjectConfigurationPlatforms) = postSolution
		{2563903C-AE8E-E678-E06F-272AA06612AF}.Debug|Any CPU.ActiveCfg = Debug|Any CPU
		{2563903C-AE8E-E678-E06F-272AA06612AF}.Debug|Any CPU.Build.0 = Debug|Any CPU
		{2563903C-AE8E-E678-E06F-272AA06612AF}.Release|Any CPU.ActiveCfg = Release|Any CPU
		{2563903C-AE8E-E678-E06F-272AA06612AF}.Release|Any CPU.Build.0 = Release|Any CPU
	EndGlobalSection
	GlobalSection(SolutionProperties) = preSolution
		HideSolutionNode = FALSE
	EndGlobalSection
	GlobalSection(ExtensibilityGlobals) = postSolution
		SolutionGuid = {18E9E252-3AEB-440D-8FF5-E246C19A6EF7}
	EndGlobalSection
EndGlobal
